// !$*UTF8*$!
{
	archiveVersion = 1;
	classes = {
	};
	objectVersion = 46;
	objects = {

/* Begin PBXBuildFile section */
		9E3930151CF50F6B007FA0AE /* AppDelegate.swift in Sources */ = {isa = PBXBuildFile; fileRef = 9E3930141CF50F6B007FA0AE /* AppDelegate.swift */; };
		9E3930171CF50F6B007FA0AE /* ViewController.swift in Sources */ = {isa = PBXBuildFile; fileRef = 9E3930161CF50F6B007FA0AE /* ViewController.swift */; };
		9E39301A1CF50F6B007FA0AE /* Main.storyboard in Resources */ = {isa = PBXBuildFile; fileRef = 9E3930181CF50F6B007FA0AE /* Main.storyboard */; };
		9E39301C1CF50F6B007FA0AE /* Assets.xcassets in Resources */ = {isa = PBXBuildFile; fileRef = 9E39301B1CF50F6B007FA0AE /* Assets.xcassets */; };
		9E39301F1CF50F6B007FA0AE /* LaunchScreen.storyboard in Resources */ = {isa = PBXBuildFile; fileRef = 9E39301D1CF50F6B007FA0AE /* LaunchScreen.storyboard */; };
		9E39302A1CF50F6B007FA0AE /* StaticTableViewDemoTests.swift in Sources */ = {isa = PBXBuildFile; fileRef = 9E3930291CF50F6B007FA0AE /* StaticTableViewDemoTests.swift */; };
		9E3930351CF50F6B007FA0AE /* StaticTableViewDemoUITests.swift in Sources */ = {isa = PBXBuildFile; fileRef = 9E3930341CF50F6B007FA0AE /* StaticTableViewDemoUITests.swift */; };
		9E3930431CF50F9E007FA0AE /* MyTableViewController.swift in Sources */ = {isa = PBXBuildFile; fileRef = 9E3930421CF50F9E007FA0AE /* MyTableViewController.swift */; };
/* End PBXBuildFile section */

/* Begin PBXContainerItemProxy section */
		9E3930261CF50F6B007FA0AE /* PBXContainerItemProxy */ = {
			isa = PBXContainerItemProxy;
			containerPortal = 9E3930091CF50F6B007FA0AE /* Project object */;
			proxyType = 1;
			remoteGlobalIDString = 9E3930101CF50F6B007FA0AE;
			remoteInfo = StaticTableViewDemo;
		};
		9E3930311CF50F6B007FA0AE /* PBXContainerItemProxy */ = {
			isa = PBXContainerItemProxy;
			containerPortal = 9E3930091CF50F6B007FA0AE /* Project object */;
			proxyType = 1;
			remoteGlobalIDString = 9E3930101CF50F6B007FA0AE;
			remoteInfo = StaticTableViewDemo;
		};
/* End PBXContainerItemProxy section */

/* Begin PBXFileReference section */
		9E3930111CF50F6B007FA0AE /* StaticTableViewDemo.app */ = {isa = PBXFileReference; explicitFileType = wrapper.application; includeInIndex = 0; path = StaticTableViewDemo.app; sourceTree = BUILT_PRODUCTS_DIR; };
		9E3930141CF50F6B007FA0AE /* AppDelegate.swift */ = {isa = PBXFileReference; lastKnownFileType = sourcecode.swift; path = AppDelegate.swift; sourceTree = "<group>"; };
		9E3930161CF50F6B007FA0AE /* ViewController.swift */ = {isa = PBXFileReference; lastKnownFileType = sourcecode.swift; path = ViewController.swift; sourceTree = "<group>"; };
		9E3930191CF50F6B007FA0AE /* Base */ = {isa = PBXFileReference; lastKnownFileType = file.storyboard; name = Base; path = Base.lproj/Main.storyboard; sourceTree = "<group>"; };
		9E39301B1CF50F6B007FA0AE /* Assets.xcassets */ = {isa = PBXFileReference; lastKnownFileType = folder.assetcatalog; path = Assets.xcassets; sourceTree = "<group>"; };
		9E39301E1CF50F6B007FA0AE /* Base */ = {isa = PBXFileReference; lastKnownFileType = file.storyboard; name = Base; path = Base.lproj/LaunchScreen.storyboard; sourceTree = "<group>"; };
		9E3930201CF50F6B007FA0AE /* Info.plist */ = {isa = PBXFileReference; lastKnownFileType = text.plist.xml; path = Info.plist; sourceTree = "<group>"; };
		9E3930251CF50F6B007FA0AE /* StaticTableViewDemoTests.xctest */ = {isa = PBXFileReference; explicitFileType = wrapper.cfbundle; includeInIndex = 0; path = StaticTableViewDemoTests.xctest; sourceTree = BUILT_PRODUCTS_DIR; };
		9E3930291CF50F6B007FA0AE /* StaticTableViewDemoTests.swift */ = {isa = PBXFileReference; lastKnownFileType = sourcecode.swift; path = StaticTableViewDemoTests.swift; sourceTree = "<group>"; };
		9E39302B1CF50F6B007FA0AE /* Info.plist */ = {isa = PBXFileReference; lastKnownFileType = text.plist.xml; path = Info.plist; sourceTree = "<group>"; };
		9E3930301CF50F6B007FA0AE /* StaticTableViewDemoUITests.xctest */ = {isa = PBXFileReference; explicitFileType = wrapper.cfbundle; includeInIndex = 0; path = StaticTableViewDemoUITests.xctest; sourceTree = BUILT_PRODUCTS_DIR; };
		9E3930341CF50F6B007FA0AE /* StaticTableViewDemoUITests.swift */ = {isa = PBXFileReference; lastKnownFileType = sourcecode.swift; path = StaticTableViewDemoUITests.swift; sourceTree = "<group>"; };
		9E3930361CF50F6B007FA0AE /* Info.plist */ = {isa = PBXFileReference; lastKnownFileType = text.plist.xml; path = Info.plist; sourceTree = "<group>"; };
		9E3930421CF50F9E007FA0AE /* MyTableViewController.swift */ = {isa = PBXFileReference; fileEncoding = 4; lastKnownFileType = sourcecode.swift; path = MyTableViewController.swift; sourceTree = "<group>"; };
/* End PBXFileReference section */

/* Begin PBXFrameworksBuildPhase section */
		9E39300E1CF50F6B007FA0AE /* Frameworks */ = {
			isa = PBXFrameworksBuildPhase;
			buildActionMask = 2147483647;
			files = (
			);
			runOnlyForDeploymentPostprocessing = 0;
		};
		9E3930221CF50F6B007FA0AE /* Frameworks */ = {
			isa = PBXFrameworksBuildPhase;
			buildActionMask = 2147483647;
			files = (
			);
			runOnlyForDeploymentPostprocessing = 0;
		};
		9E39302D1CF50F6B007FA0AE /* Frameworks */ = {
			isa = PBXFrameworksBuildPhase;
			buildActionMask = 2147483647;
			files = (
			);
			runOnlyForDeploymentPostprocessing = 0;
		};
/* End PBXFrameworksBuildPhase section */

/* Begin PBXGroup section */
		9E3930081CF50F6B007FA0AE = {
			isa = PBXGroup;
			children = (
				9E3930131CF50F6B007FA0AE /* StaticTableViewDemo */,
				9E3930281CF50F6B007FA0AE /* StaticTableViewDemoTests */,
				9E3930331CF50F6B007FA0AE /* StaticTableViewDemoUITests */,
				9E3930121CF50F6B007FA0AE /* Products */,
			);
			sourceTree = "<group>";
		};
		9E3930121CF50F6B007FA0AE /* Products */ = {
			isa = PBXGroup;
			children = (
				9E3930111CF50F6B007FA0AE /* StaticTableViewDemo.app */,
				9E3930251CF50F6B007FA0AE /* StaticTableViewDemoTests.xctest */,
				9E3930301CF50F6B007FA0AE /* StaticTableViewDemoUITests.xctest */,
			);
			name = Products;
			sourceTree = "<group>";
		};
		9E3930131CF50F6B007FA0AE /* StaticTableViewDemo */ = {
			isa = PBXGroup;
			children = (
				9E3930141CF50F6B007FA0AE /* AppDelegate.swift */,
				9E3930161CF50F6B007FA0AE /* ViewController.swift */,
				9E3930181CF50F6B007FA0AE /* Main.storyboard */,
				9E39301B1CF50F6B007FA0AE /* Assets.xcassets */,
				9E39301D1CF50F6B007FA0AE /* LaunchScreen.storyboard */,
				9E3930201CF50F6B007FA0AE /* Info.plist */,
				9E3930421CF50F9E007FA0AE /* MyTableViewController.swift */,
			);
			path = StaticTableViewDemo;
			sourceTree = "<group>";
		};
		9E3930281CF50F6B007FA0AE /* StaticTableViewDemoTests */ = {
			isa = PBXGroup;
			children = (
				9E3930291CF50F6B007FA0AE /* StaticTableViewDemoTests.swift */,
				9E39302B1CF50F6B007FA0AE /* Info.plist */,
			);
			path = StaticTableViewDemoTests;
			sourceTree = "<group>";
		};
		9E3930331CF50F6B007FA0AE /* StaticTableViewDemoUITests */ = {
			isa = PBXGroup;
			children = (
				9E3930341CF50F6B007FA0AE /* StaticTableViewDemoUITests.swift */,
				9E3930361CF50F6B007FA0AE /* Info.plist */,
			);
			path = StaticTableViewDemoUITests;
			sourceTree = "<group>";
		};
/* End PBXGroup section */

/* Begin PBXNativeTarget section */
		9E3930101CF50F6B007FA0AE /* StaticTableViewDemo */ = {
			isa = PBXNativeTarget;
			buildConfigurationList = 9E3930391CF50F6B007FA0AE /* Build configuration list for PBXNativeTarget "StaticTableViewDemo" */;
			buildPhases = (
				9E39300D1CF50F6B007FA0AE /* Sources */,
				9E39300E1CF50F6B007FA0AE /* Frameworks */,
				9E39300F1CF50F6B007FA0AE /* Resources */,
			);
			buildRules = (
			);
			dependencies = (
			);
			name = StaticTableViewDemo;
			productName = StaticTableViewDemo;
			productReference = 9E3930111CF50F6B007FA0AE /* StaticTableViewDemo.app */;
			productType = "com.apple.product-type.application";
		};
		9E3930241CF50F6B007FA0AE /* StaticTableViewDemoTests */ = {
			isa = PBXNativeTarget;
			buildConfigurationList = 9E39303C1CF50F6B007FA0AE /* Build configuration list for PBXNativeTarget "StaticTableViewDemoTests" */;
			buildPhases = (
				9E3930211CF50F6B007FA0AE /* Sources */,
				9E3930221CF50F6B007FA0AE /* Frameworks */,
				9E3930231CF50F6B007FA0AE /* Resources */,
			);
			buildRules = (
			);
			dependencies = (
				9E3930271CF50F6B007FA0AE /* PBXTargetDependency */,
			);
			name = StaticTableViewDemoTests;
			productName = StaticTableViewDemoTests;
			productReference = 9E3930251CF50F6B007FA0AE /* StaticTableViewDemoTests.xctest */;
			productType = "com.apple.product-type.bundle.unit-test";
		};
		9E39302F1CF50F6B007FA0AE /* StaticTableViewDemoUITests */ = {
			isa = PBXNativeTarget;
			buildConfigurationList = 9E39303F1CF50F6B007FA0AE /* Build configuration list for PBXNativeTarget "StaticTableViewDemoUITests" */;
			buildPhases = (
				9E39302C1CF50F6B007FA0AE /* Sources */,
				9E39302D1CF50F6B007FA0AE /* Frameworks */,
				9E39302E1CF50F6B007FA0AE /* Resources */,
			);
			buildRules = (
			);
			dependencies = (
				9E3930321CF50F6B007FA0AE /* PBXTargetDependency */,
			);
			name = StaticTableViewDemoUITests;
			productName = StaticTableViewDemoUITests;
			productReference = 9E3930301CF50F6B007FA0AE /* StaticTableViewDemoUITests.xctest */;
			productType = "com.apple.product-type.bundle.ui-testing";
		};
/* End PBXNativeTarget section */

/* Begin PBXProject section */
		9E3930091CF50F6B007FA0AE /* Project object */ = {
			isa = PBXProject;
			attributes = {
				LastSwiftUpdateCheck = 0730;
				LastUpgradeCheck = 0730;
				ORGANIZATIONNAME = "Jonathan Engelsma";
				TargetAttributes = {
					9E3930101CF50F6B007FA0AE = {
						CreatedOnToolsVersion = 7.3;
					};
					9E3930241CF50F6B007FA0AE = {
						CreatedOnToolsVersion = 7.3;
						TestTargetID = 9E3930101CF50F6B007FA0AE;
					};
					9E39302F1CF50F6B007FA0AE = {
						CreatedOnToolsVersion = 7.3;
						TestTargetID = 9E3930101CF50F6B007FA0AE;
					};
				};
			};
			buildConfigurationList = 9E39300C1CF50F6B007FA0AE /* Build configuration list for PBXProject "StaticTableViewDemo" */;
			compatibilityVersion = "Xcode 3.2";
			developmentRegion = English;
			hasScannedForEncodings = 0;
			knownRegions = (
				en,
				Base,
			);
			mainGroup = 9E3930081CF50F6B007FA0AE;
			productRefGroup = 9E3930121CF50F6B007FA0AE /* Products */;
			projectDirPath = "";
			projectRoot = "";
			targets = (
				9E3930101CF50F6B007FA0AE /* StaticTableViewDemo */,
				9E3930241CF50F6B007FA0AE /* StaticTableViewDemoTests */,
				9E39302F1CF50F6B007FA0AE /* StaticTableViewDemoUITests */,
			);
		};
/* End PBXProject section */

/* Begin PBXResourcesBuildPhase section */
		9E39300F1CF50F6B007FA0AE /* Resources */ = {
			isa = PBXResourcesBuildPhase;
			buildActionMask = 2147483647;
			files = (
				9E39301F1CF50F6B007FA0AE /* LaunchScreen.storyboard in Resources */,
				9E39301C1CF50F6B007FA0AE /* Assets.xcassets in Resources */,
				9E39301A1CF50F6B007FA0AE /* Main.storyboard in Resources */,
			);
			runOnlyForDeploymentPostprocessing = 0;
		};
		9E3930231CF50F6B007FA0AE /* Resources */ = {
			isa = PBXResourcesBuildPhase;
			buildActionMask = 2147483647;
			files = (
			);
			runOnlyForDeploymentPostprocessing = 0;
		};
		9E39302E1CF50F6B007FA0AE /* Resources */ = {
			isa = PBXResourcesBuildPhase;
			buildActionMask = 2147483647;
			files = (
			);
			runOnlyForDeploymentPostprocessing = 0;
		};
/* End PBXResourcesBuildPhase section */

/* Begin PBXSourcesBuildPhase section */
		9E39300D1CF50F6B007FA0AE /* Sources */ = {
			isa = PBXSourcesBuildPhase;
			buildActionMask = 2147483647;
			files = (
				9E3930171CF50F6B007FA0AE /* ViewController.swift in Sources */,
				9E3930431CF50F9E007FA0AE /* MyTableViewController.swift in Sources */,
				9E3930151CF50F6B007FA0AE /* AppDelegate.swift in Sources */,
			);
			runOnlyForDeploymentPostprocessing = 0;
		};
		9E3930211CF50F6B007FA0AE /* Sources */ = {
			isa = PBXSourcesBuildPhase;
			buildActionMask = 2147483647;
			files = (
				9E39302A1CF50F6B007FA0AE /* StaticTableViewDemoTests.swift in Sources */,
			);
			runOnlyForDeploymentPostprocessing = 0;
		};
		9E39302C1CF50F6B007FA0AE /* Sources */ = {
			isa = PBXSourcesBuildPhase;
			buildActionMask = 2147483647;
			files = (
				9E3930351CF50F6B007FA0AE /* StaticTableViewDemoUITests.swift in Sources */,
			);
			runOnlyForDeploymentPostprocessing = 0;
		};
/* End PBXSourcesBuildPhase section */

/* Begin PBXTargetDependency section */
		9E3930271CF50F6B007FA0AE /* PBXTargetDependency */ = {
			isa = PBXTargetDependency;
			target = 9E3930101CF50F6B007FA0AE /* StaticTableViewDemo */;
			targetProxy = 9E3930261CF50F6B007FA0AE /* PBXContainerItemProxy */;
		};
		9E3930321CF50F6B007FA0AE /* PBXTargetDependency */ = {
			isa = PBXTargetDependency;
			target = 9E3930101CF50F6B007FA0AE /* StaticTableViewDemo */;
			targetProxy = 9E3930311CF50F6B007FA0AE /* PBXContainerItemProxy */;
		};
/* End PBXTargetDependency section */

/* Begin PBXVariantGroup section */
		9E3930181CF50F6B007FA0AE /* Main.storyboard */ = {
			isa = PBXVariantGroup;
			children = (
				9E3930191CF50F6B007FA0AE /* Base */,
			);
			name = Main.storyboard;
			sourceTree = "<group>";
		};
		9E39301D1CF50F6B007FA0AE /* LaunchScreen.storyboard */ = {
			isa = PBXVariantGroup;
			children = (
				9E39301E1CF50F6B007FA0AE /* Base */,
			);
			name = LaunchScreen.storyboard;
			sourceTree = "<group>";
		};
/* End PBXVariantGroup section */

/* Begin XCBuildConfiguration section */
		9E3930371CF50F6B007FA0AE /* Debug */ = {
			isa = XCBuildConfiguration;
			buildSettings = {
				ALWAYS_SEARCH_USER_PATHS = NO;
				CLANG_ANALYZER_NONNULL = YES;
				CLANG_CXX_LANGUAGE_STANDARD = "gnu++0x";
				CLANG_CXX_LIBRARY = "libc++";
				CLANG_ENABLE_MODULES = YES;
				CLANG_ENABLE_OBJC_ARC = YES;
				CLANG_WARN_BOOL_CONVERSION = YES;
				CLANG_WARN_CONSTANT_CONVERSION = YES;
				CLANG_WARN_DIRECT_OBJC_ISA_USAGE = YES_ERROR;
				CLANG_WARN_EMPTY_BODY = YES;
				CLANG_WARN_ENUM_CONVERSION = YES;
				CLANG_WARN_INT_CONVERSION = YES;
				CLANG_WARN_OBJC_ROOT_CLASS = YES_ERROR;
				CLANG_WARN_UNREACHABLE_CODE = YES;
				CLANG_WARN__DUPLICATE_METHOD_MATCH = YES;
				"CODE_SIGN_IDENTITY[sdk=iphoneos*]" = "iPhone Developer";
				COPY_PHASE_STRIP = NO;
				DEBUG_INFORMATION_FORMAT = dwarf;
				ENABLE_STRICT_OBJC_MSGSEND = YES;
				ENABLE_TESTABILITY = YES;
				GCC_C_LANGUAGE_STANDARD = gnu99;
				GCC_DYNAMIC_NO_PIC = NO;
				GCC_NO_COMMON_BLOCKS = YES;
				GCC_OPTIMIZATION_LEVEL = 0;
				GCC_PREPROCESSOR_DEFINITIONS = (
					"DEBUG=1",
					"$(inherited)",
				);
				GCC_WARN_64_TO_32_BIT_CONVERSION = YES;
				GCC_WARN_ABOUT_RETURN_TYPE = YES_ERROR;
				GCC_WARN_UNDECLARED_SELECTOR = YES;
				GCC_WARN_UNINITIALIZED_AUTOS = YES_AGGRESSIVE;
				GCC_WARN_UNUSED_FUNCTION = YES;
				GCC_WARN_UNUSED_VARIABLE = YES;
				IPHONEOS_DEPLOYMENT_TARGET = 9.3;
				MTL_ENABLE_DEBUG_INFO = YES;
				ONLY_ACTIVE_ARCH = YES;
				SDKROOT = iphoneos;
				SWIFT_OPTIMIZATION_LEVEL = "-Onone";
			};
			name = Debug;
		};
		9E3930381CF50F6B007FA0AE /* Release */ = {
			isa = XCBuildConfiguration;
			buildSettings = {
				ALWAYS_SEARCH_USER_PATHS = NO;
				CLANG_ANALYZER_NONNULL = YES;
				CLANG_CXX_LANGUAGE_STANDARD = "gnu++0x";
				CLANG_CXX_LIBRARY = "libc++";
				CLANG_ENABLE_MODULES = YES;
				CLANG_ENABLE_OBJC_ARC = YES;
				CLANG_WARN_BOOL_CONVERSION = YES;
				CLANG_WARN_CONSTANT_CONVERSION = YES;
				CLANG_WARN_DIRECT_OBJC_ISA_USAGE = YES_ERROR;
				CLANG_WARN_EMPTY_BODY = YES;
				CLANG_WARN_ENUM_CONVERSION = YES;
				CLANG_WARN_INT_CONVERSION = YES;
				CLANG_WARN_OBJC_ROOT_CLASS = YES_ERROR;
				CLANG_WARN_UNREACHABLE_CODE = YES;
				CLANG_WARN__DUPLICATE_METHOD_MATCH = YES;
				"CODE_SIGN_IDENTITY[sdk=iphoneos*]" = "iPhone Developer";
				COPY_PHASE_STRIP = NO;
				DEBUG_INFORMATION_FORMAT = "dwarf-with-dsym";
				ENABLE_NS_ASSERTIONS = NO;
				ENABLE_STRICT_OBJC_MSGSEND = YES;
				GCC_C_LANGUAGE_STANDARD = gnu99;
				GCC_NO_COMMON_BLOCKS = YES;
				GCC_WARN_64_TO_32_BIT_CONVERSION = YES;
				GCC_WARN_ABOUT_RETURN_TYPE = YES_ERROR;
				GCC_WARN_UNDECLARED_SELECTOR = YES;
				GCC_WARN_UNINITIALIZED_AUTOS = YES_AGGRESSIVE;
				GCC_WARN_UNUSED_FUNCTION = YES;
				GCC_WARN_UNUSED_VARIABLE = YES;
				IPHONEOS_DEPLOYMENT_TARGET = 9.3;
				MTL_ENABLE_DEBUG_INFO = NO;
				SDKROOT = iphoneos;
				VALIDATE_PRODUCT = YES;
			};
			name = Release;
		};
		9E39303A1CF50F6B007FA0AE /* Debug */ = {
			isa = XCBuildConfiguration;
			buildSettings = {
				ASSETCATALOG_COMPILER_APPICON_NAME = AppIcon;
				INFOPLIST_FILE = StaticTableViewDemo/Info.plist;
				LD_RUNPATH_SEARCH_PATHS = "$(inherited) @executable_path/Frameworks";
				PRODUCT_BUNDLE_IDENTIFIER = edu.gvsu.cis.cis657.StaticTableViewDemo;
				PRODUCT_NAME = "$(TARGET_NAME)";
			};
			name = Debug;
		};
		9E39303B1CF50F6B007FA0AE /* Release */ = {
			isa = XCBuildConfiguration;
			buildSettings = {
				ASSETCATALOG_COMPILER_APPICON_NAME = AppIcon;
				INFOPLIST_FILE = StaticTableViewDemo/Info.plist;
				LD_RUNPATH_SEARCH_PATHS = "$(inherited) @executable_path/Frameworks";
				PRODUCT_BUNDLE_IDENTIFIER = edu.gvsu.cis.cis657.StaticTableViewDemo;
				PRODUCT_NAME = "$(TARGET_NAME)";
			};
			name = Release;
		};
		9E39303D1CF50F6B007FA0AE /* Debug */ = {
			isa = XCBuildConfiguration;
			buildSettings = {
				BUNDLE_LOADER = "$(TEST_HOST)";
				INFOPLIST_FILE = StaticTableViewDemoTests/Info.plist;
				LD_RUNPATH_SEARCH_PATHS = "$(inherited) @executable_path/Frameworks @loader_path/Frameworks";
				PRODUCT_BUNDLE_IDENTIFIER = edu.gvsu.cis.cis657.StaticTableViewDemoTests;
				PRODUCT_NAME = "$(TARGET_NAME)";
				TEST_HOST = "$(BUILT_PRODUCTS_DIR)/StaticTableViewDemo.app/StaticTableViewDemo";
			};
			name = Debug;
		};
		9E39303E1CF50F6B007FA0AE /* Release */ = {
			isa = XCBuildConfiguration;
			buildSettings = {
				BUNDLE_LOADER = "$(TEST_HOST)";
				INFOPLIST_FILE = StaticTableViewDemoTests/Info.plist;
				LD_RUNPATH_SEARCH_PATHS = "$(inherited) @executable_path/Frameworks @loader_path/Frameworks";
				PRODUCT_BUNDLE_IDENTIFIER = edu.gvsu.cis.cis657.StaticTableViewDemoTests;
				PRODUCT_NAME = "$(TARGET_NAME)";
				TEST_HOST = "$(BUILT_PRODUCTS_DIR)/StaticTableViewDemo.app/StaticTableViewDemo";
			};
			name = Release;
		};
		9E3930401CF50F6B007FA0AE /* Debug */ = {
			isa = XCBuildConfiguration;
			buildSettings = {
				INFOPLIST_FILE = StaticTableViewDemoUITests/Info.plist;
				LD_RUNPATH_SEARCH_PATHS = "$(inherited) @executable_path/Frameworks @loader_path/Frameworks";
				PRODUCT_BUNDLE_IDENTIFIER = edu.gvsu.cis.cis657.StaticTableViewDemoUITests;
				PRODUCT_NAME = "$(TARGET_NAME)";
				TEST_TARGET_NAME = StaticTableViewDemo;
			};
			name = Debug;
		};
		9E3930411CF50F6B007FA0AE /* Release */ = {
			isa = XCBuildConfiguration;
			buildSettings = {
				INFOPLIST_FILE = StaticTableViewDemoUITests/Info.plist;
				LD_RUNPATH_SEARCH_PATHS = "$(inherited) @executable_path/Frameworks @loader_path/Frameworks";
				PRODUCT_BUNDLE_IDENTIFIER = edu.gvsu.cis.cis657.StaticTableViewDemoUITests;
				PRODUCT_NAME = "$(TARGET_NAME)";
				TEST_TARGET_NAME = StaticTableViewDemo;
			};
			name = Release;
		};
/* End XCBuildConfiguration section */

/* Begin XCConfigurationList section */
		9E39300C1CF50F6B007FA0AE /* Build configuration list for PBXProject "StaticTableViewDemo" */ = {
			isa = XCConfigurationList;
			buildConfigurations = (
				9E3930371CF50F6B007FA0AE /* Debug */,
				9E3930381CF50F6B007FA0AE /* Release */,
			);
			defaultConfigurationIsVisible = 0;
			defaultConfigurationName = Release;
		};
		9E3930391CF50F6B007FA0AE /* Build configuration list for PBXNativeTarget "StaticTableViewDemo" */ = {
			isa = XCConfigurationList;
			buildConfigurations = (
				9E39303A1CF50F6B007FA0AE /* Debug */,
				9E39303B1CF50F6B007FA0AE /* Release */,
			);
			defaultConfigurationIsVisible = 0;
		};
		9E39303C1CF50F6B007FA0AE /* Build configuration list for PBXNativeTarget "StaticTableViewDemoTests" */ = {
			isa = XCConfigurationList;
			buildConfigurations = (
				9E39303D1CF50F6B007FA0AE /* Debug */,
				9E39303E1CF50F6B007FA0AE /* Release */,
			);
			defaultConfigurationIsVisible = 0;
		};
		9E39303F1CF50F6B007FA0AE /* Build configuration list for PBXNativeTarget "StaticTableViewDemoUITests" */ = {
			isa = XCConfigurationList;
			buildConfigurations = (
				9E3930401CF50F6B007FA0AE /* Debug */,
				9E3930411CF50F6B007FA0AE /* Release */,
			);
			defaultConfigurationIsVisible = 0;
		};
/* End XCConfigurationList section */
	};
	rootObject = 9E3930091CF50F6B007FA0AE /* Project object */;
}
